PODS:
  - RestFetcher (2.0)
  - SwiftLint (0.16.1)

DEPENDENCIES:
  - RestFetcher (from `../`)
  - SwiftLint

EXTERNAL SOURCES:
  RestFetcher:
    :path: ../

SPEC CHECKSUMS:
  RestFetcher: 295fa4a2627b75d8fe05be7f4607af2b4326620f
  SwiftLint: b8b683208cc09640898f16318a7a452274e91f61

PODFILE CHECKSUM: 575fd9d4ae38b88a0d5eb714e64d4af40dff036d

COCOAPODS: 1.1.1
